// !$*UTF8*$!
{
	archiveVersion = 1;
	classes = {
	};
	objectVersion = 50;
	objects = {

/* Begin PBXBuildFile section */
		C114219C2738170C00DF0F50 /* AppDelegate.swift in Sources */ = {isa = PBXBuildFile; fileRef = C114219B2738170C00DF0F50 /* AppDelegate.swift */; };
		C114219E2738170C00DF0F50 /* SceneDelegate.swift in Sources */ = {isa = PBXBuildFile; fileRef = C114219D2738170C00DF0F50 /* SceneDelegate.swift */; };
		C11421A02738170C00DF0F50 /* FXListViewController.swift in Sources */ = {isa = PBXBuildFile; fileRef = C114219F2738170C00DF0F50 /* FXListViewController.swift */; };
		C11421A52738170E00DF0F50 /* Assets.xcassets in Resources */ = {isa = PBXBuildFile; fileRef = C11421A42738170E00DF0F50 /* Assets.xcassets */; };
		C11421A82738170E00DF0F50 /* LaunchScreen.storyboard in Resources */ = {isa = PBXBuildFile; fileRef = C11421A62738170E00DF0F50 /* LaunchScreen.storyboard */; };
		C11421DA273819A000DF0F50 /* FXListRouter.swift in Sources */ = {isa = PBXBuildFile; fileRef = C11421D9273819A000DF0F50 /* FXListRouter.swift */; };
		C11421DF273819AF00DF0F50 /* FXListInteractor.swift in Sources */ = {isa = PBXBuildFile; fileRef = C11421DE273819AF00DF0F50 /* FXListInteractor.swift */; };
		C11421E4273819BE00DF0F50 /* FXListPresenter.swift in Sources */ = {isa = PBXBuildFile; fileRef = C11421E3273819BE00DF0F50 /* FXListPresenter.swift */; };
		C11421E927381A6100DF0F50 /* FXListProtocols.swift in Sources */ = {isa = PBXBuildFile; fileRef = C11421E827381A6100DF0F50 /* FXListProtocols.swift */; };
		C11421F427381D2A00DF0F50 /* FXList.storyboard in Resources */ = {isa = PBXBuildFile; fileRef = C11421F327381D2A00DF0F50 /* FXList.storyboard */; };
		C1142217273825AC00DF0F50 /* ServiceHandler.swift in Sources */ = {isa = PBXBuildFile; fileRef = C1142216273825AC00DF0F50 /* ServiceHandler.swift */; };
		C1142227273829BC00DF0F50 /* NetworkError.swift in Sources */ = {isa = PBXBuildFile; fileRef = C1142226273829BC00DF0F50 /* NetworkError.swift */; };
		C114222F273829D300DF0F50 /* Constants.swift in Sources */ = {isa = PBXBuildFile; fileRef = C114222E273829D300DF0F50 /* Constants.swift */; };
		C114223527382D5700DF0F50 /* FX.swift in Sources */ = {isa = PBXBuildFile; fileRef = C114223427382D5700DF0F50 /* FX.swift */; };
		C114223E27383A5F00DF0F50 /* FXCategoryTableViewCell.swift in Sources */ = {isa = PBXBuildFile; fileRef = C114223D27383A5F00DF0F50 /* FXCategoryTableViewCell.swift */; };
		C114224627383B3500DF0F50 /* FXCategoryCollectionViewCell.swift in Sources */ = {isa = PBXBuildFile; fileRef = C114224527383B3500DF0F50 /* FXCategoryCollectionViewCell.swift */; };
		C11422522738485F00DF0F50 /* FXNewsDetailViewController.swift in Sources */ = {isa = PBXBuildFile; fileRef = C11422512738485F00DF0F50 /* FXNewsDetailViewController.swift */; };
		C11422572738489D00DF0F50 /* FXNewsDetailInteractor.swift in Sources */ = {isa = PBXBuildFile; fileRef = C11422562738489D00DF0F50 /* FXNewsDetailInteractor.swift */; };
		C114225C273848CE00DF0F50 /* FXNewsDetailPresenter.swift in Sources */ = {isa = PBXBuildFile; fileRef = C114225B273848CE00DF0F50 /* FXNewsDetailPresenter.swift */; };
		C11422642738490500DF0F50 /* FXNewsDetailRouter.swift in Sources */ = {isa = PBXBuildFile; fileRef = C11422632738490500DF0F50 /* FXNewsDetailRouter.swift */; };
		C11422692738493200DF0F50 /* FXNewsDetailProtocols.swift in Sources */ = {isa = PBXBuildFile; fileRef = C11422682738493200DF0F50 /* FXNewsDetailProtocols.swift */; };
		C114226E27384FE900DF0F50 /* FXNewsDetail.storyboard in Resources */ = {isa = PBXBuildFile; fileRef = C114226D27384FE900DF0F50 /* FXNewsDetail.storyboard */; };
		C11422732738DD4700DF0F50 /* FXCategoryHeaderView.swift in Sources */ = {isa = PBXBuildFile; fileRef = C11422722738DD4700DF0F50 /* FXCategoryHeaderView.swift */; };
		C11422782738DDB100DF0F50 /* FXCategoryHeaderView.xib in Resources */ = {isa = PBXBuildFile; fileRef = C11422772738DDB100DF0F50 /* FXCategoryHeaderView.xib */; };
		C11423022739117C00DF0F50 /* DailyFXTests.swift in Sources */ = {isa = PBXBuildFile; fileRef = C11423012739117C00DF0F50 /* DailyFXTests.swift */; };
		C114233927397F5400DF0F50 /* FXEntityTests.swift in Sources */ = {isa = PBXBuildFile; fileRef = C114233827397F5400DF0F50 /* FXEntityTests.swift */; };
		C114233D2739914300DF0F50 /* FXListRouterTests.swift in Sources */ = {isa = PBXBuildFile; fileRef = C114233C2739914300DF0F50 /* FXListRouterTests.swift */; };
		C11423462739A14100DF0F50 /* FXListPresenterTests.swift in Sources */ = {isa = PBXBuildFile; fileRef = C11423452739A14100DF0F50 /* FXListPresenterTests.swift */; };
		C16999DB273A41BC00EB4F9E /* FXListInteractorTests.swift in Sources */ = {isa = PBXBuildFile; fileRef = C16999DA273A41BC00EB4F9E /* FXListInteractorTests.swift */; };
/* End PBXBuildFile section */

/* Begin PBXContainerItemProxy section */
		C11423042739117C00DF0F50 /* PBXContainerItemProxy */ = {
			isa = PBXContainerItemProxy;
			containerPortal = C11421902738170C00DF0F50 /* Project object */;
			proxyType = 1;
			remoteGlobalIDString = C11421972738170C00DF0F50;
			remoteInfo = DailyFX;
		};
/* End PBXContainerItemProxy section */

/* Begin PBXFileReference section */
		C11421982738170C00DF0F50 /* DailyFX.app */ = {isa = PBXFileReference; explicitFileType = wrapper.application; includeInIndex = 0; path = DailyFX.app; sourceTree = BUILT_PRODUCTS_DIR; };
		C114219B2738170C00DF0F50 /* AppDelegate.swift */ = {isa = PBXFileReference; lastKnownFileType = sourcecode.swift; path = AppDelegate.swift; sourceTree = "<group>"; };
		C114219D2738170C00DF0F50 /* SceneDelegate.swift */ = {isa = PBXFileReference; lastKnownFileType = sourcecode.swift; path = SceneDelegate.swift; sourceTree = "<group>"; };
		C114219F2738170C00DF0F50 /* FXListViewController.swift */ = {isa = PBXFileReference; lastKnownFileType = sourcecode.swift; path = FXListViewController.swift; sourceTree = "<group>"; };
		C11421A42738170E00DF0F50 /* Assets.xcassets */ = {isa = PBXFileReference; lastKnownFileType = folder.assetcatalog; path = Assets.xcassets; sourceTree = "<group>"; };
		C11421A72738170E00DF0F50 /* Base */ = {isa = PBXFileReference; lastKnownFileType = file.storyboard; name = Base; path = Base.lproj/LaunchScreen.storyboard; sourceTree = "<group>"; };
		C11421A92738170E00DF0F50 /* Info.plist */ = {isa = PBXFileReference; lastKnownFileType = text.plist.xml; path = Info.plist; sourceTree = "<group>"; };
		C11421D9273819A000DF0F50 /* FXListRouter.swift */ = {isa = PBXFileReference; lastKnownFileType = sourcecode.swift; path = FXListRouter.swift; sourceTree = "<group>"; };
		C11421DE273819AF00DF0F50 /* FXListInteractor.swift */ = {isa = PBXFileReference; lastKnownFileType = sourcecode.swift; path = FXListInteractor.swift; sourceTree = "<group>"; };
		C11421E3273819BE00DF0F50 /* FXListPresenter.swift */ = {isa = PBXFileReference; lastKnownFileType = sourcecode.swift; path = FXListPresenter.swift; sourceTree = "<group>"; };
		C11421E827381A6100DF0F50 /* FXListProtocols.swift */ = {isa = PBXFileReference; lastKnownFileType = sourcecode.swift; path = FXListProtocols.swift; sourceTree = "<group>"; };
		C11421F327381D2A00DF0F50 /* FXList.storyboard */ = {isa = PBXFileReference; lastKnownFileType = file.storyboard; path = FXList.storyboard; sourceTree = "<group>"; };
		C1142216273825AC00DF0F50 /* ServiceHandler.swift */ = {isa = PBXFileReference; lastKnownFileType = sourcecode.swift; path = ServiceHandler.swift; sourceTree = "<group>"; };
		C1142226273829BC00DF0F50 /* NetworkError.swift */ = {isa = PBXFileReference; lastKnownFileType = sourcecode.swift; path = NetworkError.swift; sourceTree = "<group>"; };
		C114222E273829D300DF0F50 /* Constants.swift */ = {isa = PBXFileReference; lastKnownFileType = sourcecode.swift; path = Constants.swift; sourceTree = "<group>"; };
		C114223427382D5700DF0F50 /* FX.swift */ = {isa = PBXFileReference; lastKnownFileType = sourcecode.swift; path = FX.swift; sourceTree = "<group>"; };
		C114223D27383A5F00DF0F50 /* FXCategoryTableViewCell.swift */ = {isa = PBXFileReference; lastKnownFileType = sourcecode.swift; path = FXCategoryTableViewCell.swift; sourceTree = "<group>"; };
		C114224527383B3500DF0F50 /* FXCategoryCollectionViewCell.swift */ = {isa = PBXFileReference; lastKnownFileType = sourcecode.swift; path = FXCategoryCollectionViewCell.swift; sourceTree = "<group>"; };
		C11422512738485F00DF0F50 /* FXNewsDetailViewController.swift */ = {isa = PBXFileReference; lastKnownFileType = sourcecode.swift; path = FXNewsDetailViewController.swift; sourceTree = "<group>"; };
		C11422562738489D00DF0F50 /* FXNewsDetailInteractor.swift */ = {isa = PBXFileReference; lastKnownFileType = sourcecode.swift; path = FXNewsDetailInteractor.swift; sourceTree = "<group>"; };
		C114225B273848CE00DF0F50 /* FXNewsDetailPresenter.swift */ = {isa = PBXFileReference; lastKnownFileType = sourcecode.swift; path = FXNewsDetailPresenter.swift; sourceTree = "<group>"; };
		C11422632738490500DF0F50 /* FXNewsDetailRouter.swift */ = {isa = PBXFileReference; lastKnownFileType = sourcecode.swift; path = FXNewsDetailRouter.swift; sourceTree = "<group>"; };
		C11422682738493200DF0F50 /* FXNewsDetailProtocols.swift */ = {isa = PBXFileReference; lastKnownFileType = sourcecode.swift; path = FXNewsDetailProtocols.swift; sourceTree = "<group>"; };
		C114226D27384FE900DF0F50 /* FXNewsDetail.storyboard */ = {isa = PBXFileReference; lastKnownFileType = file.storyboard; path = FXNewsDetail.storyboard; sourceTree = "<group>"; };
		C11422722738DD4700DF0F50 /* FXCategoryHeaderView.swift */ = {isa = PBXFileReference; lastKnownFileType = sourcecode.swift; path = FXCategoryHeaderView.swift; sourceTree = "<group>"; };
		C11422772738DDB100DF0F50 /* FXCategoryHeaderView.xib */ = {isa = PBXFileReference; lastKnownFileType = file.xib; path = FXCategoryHeaderView.xib; sourceTree = "<group>"; };
		C11422FF2739117C00DF0F50 /* DailyFXTests.xctest */ = {isa = PBXFileReference; explicitFileType = wrapper.cfbundle; includeInIndex = 0; path = DailyFXTests.xctest; sourceTree = BUILT_PRODUCTS_DIR; };
		C11423012739117C00DF0F50 /* DailyFXTests.swift */ = {isa = PBXFileReference; lastKnownFileType = sourcecode.swift; path = DailyFXTests.swift; sourceTree = "<group>"; };
		C114232C273942C400DF0F50 /* Info.plist */ = {isa = PBXFileReference; fileEncoding = 4; lastKnownFileType = text.plist.xml; path = Info.plist; sourceTree = "<group>"; };
		C114233827397F5400DF0F50 /* FXEntityTests.swift */ = {isa = PBXFileReference; lastKnownFileType = sourcecode.swift; path = FXEntityTests.swift; sourceTree = "<group>"; };
		C114233C2739914300DF0F50 /* FXListRouterTests.swift */ = {isa = PBXFileReference; lastKnownFileType = sourcecode.swift; path = FXListRouterTests.swift; sourceTree = "<group>"; };
		C11423452739A14100DF0F50 /* FXListPresenterTests.swift */ = {isa = PBXFileReference; lastKnownFileType = sourcecode.swift; path = FXListPresenterTests.swift; sourceTree = "<group>"; };
		C16999DA273A41BC00EB4F9E /* FXListInteractorTests.swift */ = {isa = PBXFileReference; lastKnownFileType = sourcecode.swift; path = FXListInteractorTests.swift; sourceTree = "<group>"; };
/* End PBXFileReference section */

/* Begin PBXFrameworksBuildPhase section */
		C11421952738170C00DF0F50 /* Frameworks */ = {
			isa = PBXFrameworksBuildPhase;
			buildActionMask = 2147483647;
			files = (
			);
			runOnlyForDeploymentPostprocessing = 0;
		};
		C11422FC2739117C00DF0F50 /* Frameworks */ = {
			isa = PBXFrameworksBuildPhase;
			buildActionMask = 2147483647;
			files = (
			);
			runOnlyForDeploymentPostprocessing = 0;
		};
/* End PBXFrameworksBuildPhase section */

/* Begin PBXGroup section */
		C114218F2738170C00DF0F50 = {
			isa = PBXGroup;
			children = (
				C114219A2738170C00DF0F50 /* DailyFX */,
				C11423002739117C00DF0F50 /* DailyFXTests */,
				C11421992738170C00DF0F50 /* Products */,
			);
			sourceTree = "<group>";
		};
		C11421992738170C00DF0F50 /* Products */ = {
			isa = PBXGroup;
			children = (
				C11421982738170C00DF0F50 /* DailyFX.app */,
				C11422FF2739117C00DF0F50 /* DailyFXTests.xctest */,
			);
			name = Products;
			sourceTree = "<group>";
		};
		C114219A2738170C00DF0F50 /* DailyFX */ = {
			isa = PBXGroup;
			children = (
				C11421FB27381EE100DF0F50 /* Application */,
				C11421D52738197000DF0F50 /* FXList */,
				C114224D2738444D00DF0F50 /* FXDetail */,
				C114223327382D4100DF0F50 /* Entities */,
				C114221B273825AF00DF0F50 /* Service */,
				C11422252738299700DF0F50 /* Helper */,
				C114220027381F1B00DF0F50 /* Resources */,
				C11421A92738170E00DF0F50 /* Info.plist */,
			);
			path = DailyFX;
			sourceTree = "<group>";
		};
		C11421D52738197000DF0F50 /* FXList */ = {
			isa = PBXGroup;
			children = (
				C114223C27383A4000DF0F50 /* Cells */,
				C114219F2738170C00DF0F50 /* FXListViewController.swift */,
				C11421DE273819AF00DF0F50 /* FXListInteractor.swift */,
				C11421E3273819BE00DF0F50 /* FXListPresenter.swift */,
				C11421D9273819A000DF0F50 /* FXListRouter.swift */,
				C11421E827381A6100DF0F50 /* FXListProtocols.swift */,
				C11421F327381D2A00DF0F50 /* FXList.storyboard */,
			);
			path = FXList;
			sourceTree = "<group>";
		};
		C11421FB27381EE100DF0F50 /* Application */ = {
			isa = PBXGroup;
			children = (
				C114219B2738170C00DF0F50 /* AppDelegate.swift */,
				C114219D2738170C00DF0F50 /* SceneDelegate.swift */,
			);
			path = Application;
			sourceTree = "<group>";
		};
		C114220027381F1B00DF0F50 /* Resources */ = {
			isa = PBXGroup;
			children = (
				C11421A42738170E00DF0F50 /* Assets.xcassets */,
				C11421A62738170E00DF0F50 /* LaunchScreen.storyboard */,
			);
			path = Resources;
			sourceTree = "<group>";
		};
		C114221B273825AF00DF0F50 /* Service */ = {
			isa = PBXGroup;
			children = (
				C1142216273825AC00DF0F50 /* ServiceHandler.swift */,
			);
			path = Service;
			sourceTree = "<group>";
		};
		C11422252738299700DF0F50 /* Helper */ = {
			isa = PBXGroup;
			children = (
				C1142226273829BC00DF0F50 /* NetworkError.swift */,
				C114222E273829D300DF0F50 /* Constants.swift */,
			);
			path = Helper;
			sourceTree = "<group>";
		};
		C114223327382D4100DF0F50 /* Entities */ = {
			isa = PBXGroup;
			children = (
				C114223427382D5700DF0F50 /* FX.swift */,
			);
			path = Entities;
			sourceTree = "<group>";
		};
		C114223C27383A4000DF0F50 /* Cells */ = {
			isa = PBXGroup;
			children = (
				C114223D27383A5F00DF0F50 /* FXCategoryTableViewCell.swift */,
				C114224527383B3500DF0F50 /* FXCategoryCollectionViewCell.swift */,
				C11422722738DD4700DF0F50 /* FXCategoryHeaderView.swift */,
				C11422772738DDB100DF0F50 /* FXCategoryHeaderView.xib */,
			);
			path = Cells;
			sourceTree = "<group>";
		};
		C114224D2738444D00DF0F50 /* FXDetail */ = {
			isa = PBXGroup;
			children = (
				C11422512738485F00DF0F50 /* FXNewsDetailViewController.swift */,
				C11422562738489D00DF0F50 /* FXNewsDetailInteractor.swift */,
				C114225B273848CE00DF0F50 /* FXNewsDetailPresenter.swift */,
				C11422632738490500DF0F50 /* FXNewsDetailRouter.swift */,
				C11422682738493200DF0F50 /* FXNewsDetailProtocols.swift */,
				C114226D27384FE900DF0F50 /* FXNewsDetail.storyboard */,
			);
			path = FXDetail;
			sourceTree = "<group>";
		};
		C11423002739117C00DF0F50 /* DailyFXTests */ = {
			isa = PBXGroup;
			children = (
				C114232C273942C400DF0F50 /* Info.plist */,
				C11423012739117C00DF0F50 /* DailyFXTests.swift */,
				C16999D5273A3DCE00EB4F9E /* FXEntityTests */,
				C16999D0273A3DC300EB4F9E /* FXListTests */,
			);
			path = DailyFXTests;
			sourceTree = "<group>";
		};
		C16999D0273A3DC300EB4F9E /* FXListTests */ = {
			isa = PBXGroup;
			children = (
				C114233C2739914300DF0F50 /* FXListRouterTests.swift */,
				C11423452739A14100DF0F50 /* FXListPresenterTests.swift */,
				C16999DA273A41BC00EB4F9E /* FXListInteractorTests.swift */,
			);
			path = FXListTests;
			sourceTree = "<group>";
		};
		C16999D5273A3DCE00EB4F9E /* FXEntityTests */ = {
			isa = PBXGroup;
			children = (
				C114233827397F5400DF0F50 /* FXEntityTests.swift */,
			);
			path = FXEntityTests;
			sourceTree = "<group>";
		};
/* End PBXGroup section */

/* Begin PBXNativeTarget section */
		C11421972738170C00DF0F50 /* DailyFX */ = {
			isa = PBXNativeTarget;
			buildConfigurationList = C11421C22738170F00DF0F50 /* Build configuration list for PBXNativeTarget "DailyFX" */;
			buildPhases = (
				C11421942738170C00DF0F50 /* Sources */,
				C11421952738170C00DF0F50 /* Frameworks */,
				C11421962738170C00DF0F50 /* Resources */,
			);
			buildRules = (
			);
			dependencies = (
			);
			name = DailyFX;
			productName = DailyFX;
			productReference = C11421982738170C00DF0F50 /* DailyFX.app */;
			productType = "com.apple.product-type.application";
		};
		C11422FE2739117C00DF0F50 /* DailyFXTests */ = {
			isa = PBXNativeTarget;
			buildConfigurationList = C11423062739117C00DF0F50 /* Build configuration list for PBXNativeTarget "DailyFXTests" */;
			buildPhases = (
				C11422FB2739117C00DF0F50 /* Sources */,
				C11422FC2739117C00DF0F50 /* Frameworks */,
				C11422FD2739117C00DF0F50 /* Resources */,
			);
			buildRules = (
			);
			dependencies = (
				C11423052739117C00DF0F50 /* PBXTargetDependency */,
			);
			name = DailyFXTests;
			productName = DailyFXTests;
			productReference = C11422FF2739117C00DF0F50 /* DailyFXTests.xctest */;
			productType = "com.apple.product-type.bundle.unit-test";
		};
/* End PBXNativeTarget section */

/* Begin PBXProject section */
		C11421902738170C00DF0F50 /* Project object */ = {
			isa = PBXProject;
			attributes = {
				LastSwiftUpdateCheck = 1230;
				LastUpgradeCheck = 1230;
				TargetAttributes = {
					C11421972738170C00DF0F50 = {
						CreatedOnToolsVersion = 12.3;
					};
					C11422FE2739117C00DF0F50 = {
						CreatedOnToolsVersion = 12.3;
						TestTargetID = C11421972738170C00DF0F50;
					};
				};
			};
			buildConfigurationList = C11421932738170C00DF0F50 /* Build configuration list for PBXProject "DailyFX" */;
			compatibilityVersion = "Xcode 9.3";
			developmentRegion = en;
			hasScannedForEncodings = 0;
			knownRegions = (
				en,
				Base,
			);
			mainGroup = C114218F2738170C00DF0F50;
			productRefGroup = C11421992738170C00DF0F50 /* Products */;
			projectDirPath = "";
			projectRoot = "";
			targets = (
				C11421972738170C00DF0F50 /* DailyFX */,
				C11422FE2739117C00DF0F50 /* DailyFXTests */,
			);
		};
/* End PBXProject section */

/* Begin PBXResourcesBuildPhase section */
		C11421962738170C00DF0F50 /* Resources */ = {
			isa = PBXResourcesBuildPhase;
			buildActionMask = 2147483647;
			files = (
				C11422782738DDB100DF0F50 /* FXCategoryHeaderView.xib in Resources */,
				C114226E27384FE900DF0F50 /* FXNewsDetail.storyboard in Resources */,
				C11421A82738170E00DF0F50 /* LaunchScreen.storyboard in Resources */,
				C11421F427381D2A00DF0F50 /* FXList.storyboard in Resources */,
				C11421A52738170E00DF0F50 /* Assets.xcassets in Resources */,
			);
			runOnlyForDeploymentPostprocessing = 0;
		};
		C11422FD2739117C00DF0F50 /* Resources */ = {
			isa = PBXResourcesBuildPhase;
			buildActionMask = 2147483647;
			files = (
			);
			runOnlyForDeploymentPostprocessing = 0;
		};
/* End PBXResourcesBuildPhase section */

/* Begin PBXSourcesBuildPhase section */
		C11421942738170C00DF0F50 /* Sources */ = {
			isa = PBXSourcesBuildPhase;
			buildActionMask = 2147483647;
			files = (
				C11421E927381A6100DF0F50 /* FXListProtocols.swift in Sources */,
				C11422572738489D00DF0F50 /* FXNewsDetailInteractor.swift in Sources */,
				C11421DA273819A000DF0F50 /* FXListRouter.swift in Sources */,
				C11421A02738170C00DF0F50 /* FXListViewController.swift in Sources */,
				C11422642738490500DF0F50 /* FXNewsDetailRouter.swift in Sources */,
				C114223E27383A5F00DF0F50 /* FXCategoryTableViewCell.swift in Sources */,
				C11421E4273819BE00DF0F50 /* FXListPresenter.swift in Sources */,
				C114219C2738170C00DF0F50 /* AppDelegate.swift in Sources */,
				C11422732738DD4700DF0F50 /* FXCategoryHeaderView.swift in Sources */,
				C114222F273829D300DF0F50 /* Constants.swift in Sources */,
				C114223527382D5700DF0F50 /* FX.swift in Sources */,
				C11422522738485F00DF0F50 /* FXNewsDetailViewController.swift in Sources */,
				C114219E2738170C00DF0F50 /* SceneDelegate.swift in Sources */,
				C1142227273829BC00DF0F50 /* NetworkError.swift in Sources */,
				C11422692738493200DF0F50 /* FXNewsDetailProtocols.swift in Sources */,
				C114225C273848CE00DF0F50 /* FXNewsDetailPresenter.swift in Sources */,
				C1142217273825AC00DF0F50 /* ServiceHandler.swift in Sources */,
				C11421DF273819AF00DF0F50 /* FXListInteractor.swift in Sources */,
				C114224627383B3500DF0F50 /* FXCategoryCollectionViewCell.swift in Sources */,
			);
			runOnlyForDeploymentPostprocessing = 0;
		};
		C11422FB2739117C00DF0F50 /* Sources */ = {
			isa = PBXSourcesBuildPhase;
			buildActionMask = 2147483647;
			files = (
				C114233927397F5400DF0F50 /* FXEntityTests.swift in Sources */,
				C16999DB273A41BC00EB4F9E /* FXListInteractorTests.swift in Sources */,
				C11423022739117C00DF0F50 /* DailyFXTests.swift in Sources */,
				C11423462739A14100DF0F50 /* FXListPresenterTests.swift in Sources */,
				C114233D2739914300DF0F50 /* FXListRouterTests.swift in Sources */,
			);
			runOnlyForDeploymentPostprocessing = 0;
		};
/* End PBXSourcesBuildPhase section */

/* Begin PBXTargetDependency section */
		C11423052739117C00DF0F50 /* PBXTargetDependency */ = {
			isa = PBXTargetDependency;
			target = C11421972738170C00DF0F50 /* DailyFX */;
			targetProxy = C11423042739117C00DF0F50 /* PBXContainerItemProxy */;
		};
/* End PBXTargetDependency section */

/* Begin PBXVariantGroup section */
		C11421A62738170E00DF0F50 /* LaunchScreen.storyboard */ = {
			isa = PBXVariantGroup;
			children = (
				C11421A72738170E00DF0F50 /* Base */,
			);
			name = LaunchScreen.storyboard;
			sourceTree = "<group>";
		};
/* End PBXVariantGroup section */

/* Begin XCBuildConfiguration section */
		C11421C02738170F00DF0F50 /* Debug */ = {
			isa = XCBuildConfiguration;
			buildSettings = {
				ALWAYS_SEARCH_USER_PATHS = NO;
				CLANG_ANALYZER_NONNULL = YES;
				CLANG_ANALYZER_NUMBER_OBJECT_CONVERSION = YES_AGGRESSIVE;
				CLANG_CXX_LANGUAGE_STANDARD = "gnu++14";
				CLANG_CXX_LIBRARY = "libc++";
				CLANG_ENABLE_MODULES = YES;
				CLANG_ENABLE_OBJC_ARC = YES;
				CLANG_ENABLE_OBJC_WEAK = YES;
				CLANG_WARN_BLOCK_CAPTURE_AUTORELEASING = YES;
				CLANG_WARN_BOOL_CONVERSION = YES;
				CLANG_WARN_COMMA = YES;
				CLANG_WARN_CONSTANT_CONVERSION = YES;
				CLANG_WARN_DEPRECATED_OBJC_IMPLEMENTATIONS = YES;
				CLANG_WARN_DIRECT_OBJC_ISA_USAGE = YES_ERROR;
				CLANG_WARN_DOCUMENTATION_COMMENTS = YES;
				CLANG_WARN_EMPTY_BODY = YES;
				CLANG_WARN_ENUM_CONVERSION = YES;
				CLANG_WARN_INFINITE_RECURSION = YES;
				CLANG_WARN_INT_CONVERSION = YES;
				CLANG_WARN_NON_LITERAL_NULL_CONVERSION = YES;
				CLANG_WARN_OBJC_IMPLICIT_RETAIN_SELF = YES;
				CLANG_WARN_OBJC_LITERAL_CONVERSION = YES;
				CLANG_WARN_OBJC_ROOT_CLASS = YES_ERROR;
				CLANG_WARN_QUOTED_INCLUDE_IN_FRAMEWORK_HEADER = YES;
				CLANG_WARN_RANGE_LOOP_ANALYSIS = YES;
				CLANG_WARN_STRICT_PROTOTYPES = YES;
				CLANG_WARN_SUSPICIOUS_MOVE = YES;
				CLANG_WARN_UNGUARDED_AVAILABILITY = YES_AGGRESSIVE;
				CLANG_WARN_UNREACHABLE_CODE = YES;
				CLANG_WARN__DUPLICATE_METHOD_MATCH = YES;
				COPY_PHASE_STRIP = NO;
				DEBUG_INFORMATION_FORMAT = dwarf;
				ENABLE_STRICT_OBJC_MSGSEND = YES;
				ENABLE_TESTABILITY = YES;
				GCC_C_LANGUAGE_STANDARD = gnu11;
				GCC_DYNAMIC_NO_PIC = NO;
				GCC_NO_COMMON_BLOCKS = YES;
				GCC_OPTIMIZATION_LEVEL = 0;
				GCC_PREPROCESSOR_DEFINITIONS = (
					"DEBUG=1",
					"$(inherited)",
				);
				GCC_WARN_64_TO_32_BIT_CONVERSION = YES;
				GCC_WARN_ABOUT_RETURN_TYPE = YES_ERROR;
				GCC_WARN_UNDECLARED_SELECTOR = YES;
				GCC_WARN_UNINITIALIZED_AUTOS = YES_AGGRESSIVE;
				GCC_WARN_UNUSED_FUNCTION = YES;
				GCC_WARN_UNUSED_VARIABLE = YES;
				IPHONEOS_DEPLOYMENT_TARGET = 14.3;
				MTL_ENABLE_DEBUG_INFO = INCLUDE_SOURCE;
				MTL_FAST_MATH = YES;
				ONLY_ACTIVE_ARCH = YES;
				SDKROOT = iphoneos;
				SWIFT_ACTIVE_COMPILATION_CONDITIONS = DEBUG;
				SWIFT_OPTIMIZATION_LEVEL = "-Onone";
			};
			name = Debug;
		};
		C11421C12738170F00DF0F50 /* Release */ = {
			isa = XCBuildConfiguration;
			buildSettings = {
				ALWAYS_SEARCH_USER_PATHS = NO;
				CLANG_ANALYZER_NONNULL = YES;
				CLANG_ANALYZER_NUMBER_OBJECT_CONVERSION = YES_AGGRESSIVE;
				CLANG_CXX_LANGUAGE_STANDARD = "gnu++14";
				CLANG_CXX_LIBRARY = "libc++";
				CLANG_ENABLE_MODULES = YES;
				CLANG_ENABLE_OBJC_ARC = YES;
				CLANG_ENABLE_OBJC_WEAK = YES;
				CLANG_WARN_BLOCK_CAPTURE_AUTORELEASING = YES;
				CLANG_WARN_BOOL_CONVERSION = YES;
				CLANG_WARN_COMMA = YES;
				CLANG_WARN_CONSTANT_CONVERSION = YES;
				CLANG_WARN_DEPRECATED_OBJC_IMPLEMENTATIONS = YES;
				CLANG_WARN_DIRECT_OBJC_ISA_USAGE = YES_ERROR;
				CLANG_WARN_DOCUMENTATION_COMMENTS = YES;
				CLANG_WARN_EMPTY_BODY = YES;
				CLANG_WARN_ENUM_CONVERSION = YES;
				CLANG_WARN_INFINITE_RECURSION = YES;
				CLANG_WARN_INT_CONVERSION = YES;
				CLANG_WARN_NON_LITERAL_NULL_CONVERSION = YES;
				CLANG_WARN_OBJC_IMPLICIT_RETAIN_SELF = YES;
				CLANG_WARN_OBJC_LITERAL_CONVERSION = YES;
				CLANG_WARN_OBJC_ROOT_CLASS = YES_ERROR;
				CLANG_WARN_QUOTED_INCLUDE_IN_FRAMEWORK_HEADER = YES;
				CLANG_WARN_RANGE_LOOP_ANALYSIS = YES;
				CLANG_WARN_STRICT_PROTOTYPES = YES;
				CLANG_WARN_SUSPICIOUS_MOVE = YES;
				CLANG_WARN_UNGUARDED_AVAILABILITY = YES_AGGRESSIVE;
				CLANG_WARN_UNREACHABLE_CODE = YES;
				CLANG_WARN__DUPLICATE_METHOD_MATCH = YES;
				COPY_PHASE_STRIP = NO;
				DEBUG_INFORMATION_FORMAT = "dwarf-with-dsym";
				ENABLE_NS_ASSERTIONS = NO;
				ENABLE_STRICT_OBJC_MSGSEND = YES;
				GCC_C_LANGUAGE_STANDARD = gnu11;
				GCC_NO_COMMON_BLOCKS = YES;
				GCC_WARN_64_TO_32_BIT_CONVERSION = YES;
				GCC_WARN_ABOUT_RETURN_TYPE = YES_ERROR;
				GCC_WARN_UNDECLARED_SELECTOR = YES;
				GCC_WARN_UNINITIALIZED_AUTOS = YES_AGGRESSIVE;
				GCC_WARN_UNUSED_FUNCTION = YES;
				GCC_WARN_UNUSED_VARIABLE = YES;
				IPHONEOS_DEPLOYMENT_TARGET = 14.3;
				MTL_ENABLE_DEBUG_INFO = NO;
				MTL_FAST_MATH = YES;
				SDKROOT = iphoneos;
				SWIFT_COMPILATION_MODE = wholemodule;
				SWIFT_OPTIMIZATION_LEVEL = "-O";
				VALIDATE_PRODUCT = YES;
			};
			name = Release;
		};
		C11421C32738170F00DF0F50 /* Debug */ = {
			isa = XCBuildConfiguration;
			buildSettings = {
				ASSETCATALOG_COMPILER_APPICON_NAME = AppIcon;
				ASSETCATALOG_COMPILER_GLOBAL_ACCENT_COLOR_NAME = AccentColor;
				CODE_SIGN_STYLE = Automatic;
				INFOPLIST_FILE = DailyFX/Info.plist;
				IPHONEOS_DEPLOYMENT_TARGET = 13.0;
				LD_RUNPATH_SEARCH_PATHS = (
					"$(inherited)",
					"@executable_path/Frameworks",
				);
				PRODUCT_BUNDLE_IDENTIFIER = catherine.DailyFX;
				PRODUCT_NAME = "$(TARGET_NAME)";
				SWIFT_VERSION = 5.0;
				TARGETED_DEVICE_FAMILY = "1,2";
			};
			name = Debug;
		};
		C11421C42738170F00DF0F50 /* Release */ = {
			isa = XCBuildConfiguration;
			buildSettings = {
				ASSETCATALOG_COMPILER_APPICON_NAME = AppIcon;
				ASSETCATALOG_COMPILER_GLOBAL_ACCENT_COLOR_NAME = AccentColor;
				CODE_SIGN_STYLE = Automatic;
				INFOPLIST_FILE = DailyFX/Info.plist;
				IPHONEOS_DEPLOYMENT_TARGET = 13.0;
				LD_RUNPATH_SEARCH_PATHS = (
					"$(inherited)",
					"@executable_path/Frameworks",
				);
				PRODUCT_BUNDLE_IDENTIFIER = catherine.DailyFX;
				PRODUCT_NAME = "$(TARGET_NAME)";
				SWIFT_VERSION = 5.0;
				TARGETED_DEVICE_FAMILY = "1,2";
			};
			name = Release;
		};
		C11423072739117C00DF0F50 /* Debug */ = {
			isa = XCBuildConfiguration;
			buildSettings = {
				BUNDLE_LOADER = "$(TEST_HOST)";
				CODE_SIGN_STYLE = Automatic;
				INFOPLIST_FILE = DailyFXTests/Info.plist;
				LD_RUNPATH_SEARCH_PATHS = (
					"$(inherited)",
					"@executable_path/Frameworks",
					"@loader_path/Frameworks",
				);
				PRODUCT_BUNDLE_IDENTIFIER = catherine.DailyFXTests;
				PRODUCT_NAME = "$(TARGET_NAME)";
				SWIFT_VERSION = 5.0;
				TARGETED_DEVICE_FAMILY = "1,2";
				TEST_HOST = "$(BUILT_PRODUCTS_DIR)/DailyFX.app/DailyFX";
			};
			name = Debug;
		};
		C11423082739117C00DF0F50 /* Release */ = {
			isa = XCBuildConfiguration;
			buildSettings = {
				BUNDLE_LOADER = "$(TEST_HOST)";
				CODE_SIGN_STYLE = Automatic;
				INFOPLIST_FILE = DailyFXTests/Info.plist;
				LD_RUNPATH_SEARCH_PATHS = (
					"$(inherited)",
					"@executable_path/Frameworks",
					"@loader_path/Frameworks",
				);
				PRODUCT_BUNDLE_IDENTIFIER = catherine.DailyFXTests;
				PRODUCT_NAME = "$(TARGET_NAME)";
				SWIFT_VERSION = 5.0;
				TARGETED_DEVICE_FAMILY = "1,2";
				TEST_HOST = "$(BUILT_PRODUCTS_DIR)/DailyFX.app/DailyFX";
			};
			name = Release;
		};
/* End XCBuildConfiguration section */

/* Begin XCConfigurationList section */
		C11421932738170C00DF0F50 /* Build configuration list for PBXProject "DailyFX" */ = {
			isa = XCConfigurationList;
			buildConfigurations = (
				C11421C02738170F00DF0F50 /* Debug */,
				C11421C12738170F00DF0F50 /* Release */,
			);
			defaultConfigurationIsVisible = 0;
			defaultConfigurationName = Release;
		};
		C11421C22738170F00DF0F50 /* Build configuration list for PBXNativeTarget "DailyFX" */ = {
			isa = XCConfigurationList;
			buildConfigurations = (
				C11421C32738170F00DF0F50 /* Debug */,
				C11421C42738170F00DF0F50 /* Release */,
			);
			defaultConfigurationIsVisible = 0;
			defaultConfigurationName = Release;
		};
		C11423062739117C00DF0F50 /* Build configuration list for PBXNativeTarget "DailyFXTests" */ = {
			isa = XCConfigurationList;
			buildConfigurations = (
				C11423072739117C00DF0F50 /* Debug */,
				C11423082739117C00DF0F50 /* Release */,
			);
			defaultConfigurationIsVisible = 0;
			defaultConfigurationName = Release;
		};
/* End XCConfigurationList section */
	};
	rootObject = C11421902738170C00DF0F50 /* Project object */;
}
